# This file is automatically @generated by Cargo.
# It is not intended for manual editing.
version = 4

[[package]]
name = "analysis-ir"
version = "0.1.0"

[[package]]
name = "anyhow"
version = "1.0.104"
source = "registry+https://github.com/rust-lang/crates.io-index"
checksum = "330a5ed07fa54e4702c9d6c4174f74427fc0ef6e214bbd677ae50a5099946470"

[[package]]
name = "codegraph"
version = "0.1.0"

[[package]]
name = "context-engine"
version = "0.1.0"

[[package]]
name = "diff-engine"
version = "0.1.0"

[[package]]
name = "graph-storage"
version = "0.1.0"

[[package]]
name = "impact"
version = "0.1.0"

[[package]]
name = "incremental"
version = "0.1.0"

[[package]]
name = "lang-typescript"
version = "0.1.0"

[[package]]
name = "model-gateway"
version = "0.1.0"

[[package]]
name = "pipeline"
version = "0.1.0"

[[package]]
name = "profile"
version = "0.1.0"

[[package]]
name = "repository"
version = "0.1.0"

[[package]]
name = "review-cli"
version = "0.1.0"
dependencies = [
 "anyhow",
]

[[package]]
name = "review-core"
version = "0.1.0"

[[package]]
name = "review-engine"
version = "0.1.0"
dependencies = [
 "anyhow",
]

[[package]]
name = "review-worker"
version = "0.1.0"
dependencies = [
 "anyhow",
]

[[package]]
name = "reviewers"
version = "0.1.0"

[[package]]
name = "semantic"
version = "0.1.0"

[[package]]
name = "telemetry"
version = "0.1.0"

[[package]]
name = "verification"
version = "0.1.0"
